
Microsoft Visual Studio Solution File, Format Version 12.00
# Visual Studio Version 17
VisualStudioVersion = 17.9.34728.123
MinimumVisualStudioVersion = 10.0.40219.1
Project("{8BC9CEB8-8B4A-11D0-8D11-00A0C91BC942}") = "CDLL", "CDLL.vcxproj", "{C273B74F-6183-46EB-AB7A-50372DF74178}"
EndProject
Global
	GlobalSection(SolutionConfigurationPlatforms) = preSolution
		Debug|x64 = Debug|x64
		Debug|x86 = Debug|x86
		Release|x64 = Release|x64
		Release|x86 = Release|x86
	EndGlobalSection
	GlobalSection(ProjectConfigurationPlatforms) = postSolution
		{C273B74F-6183-46EB-AB7A-50372DF74178}.Debug|x64.ActiveCfg = Debug|x64
		{C273B74F-6183-46EB-AB7A-50372DF74178}.Debug|x64.Build.0 = Debug|x64
		{C273B74F-6183-46EB-AB7A-50372DF74178}.Debug|x86.ActiveCfg = Debug|Win32
		{C273B74F-6183-46EB-AB7A-50372DF74178}.Debug|x86.Build.0 = Debug|Win32
		{C273B74F-6183-46EB-AB7A-50372DF74178}.Release|x64.ActiveCfg = Release|x64
		{C273B74F-6183-46EB-AB7A-50372DF74178}.Release|x64.Build.0 = Release|x64
		{C273B74F-6183-46EB-AB7A-50372DF74178}.Release|x86.ActiveCfg = Release|Win32
		{C273B74F-6183-46EB-AB7A-50372DF74178}.Release|x86.Build.0 = Release|Win32
	EndGlobalSection
	GlobalSection(SolutionProperties) = preSolution
		HideSolutionNode = FALSE
	EndGlobalSection
	GlobalSection(ExtensibilityGlobals) = postSolution
		SolutionGuid = {E83DD3E8-6557-47D5-937A-C12D73B7246A}
	EndGlobalSection
EndGlobal
